
Microsoft Visual Studio Solution File, Format Version 12.00
# Visual Studio Version 16
VisualStudioVersion = 16.0.31702.278
MinimumVisualStudioVersion = 10.0.40219.1
Project("{FAE04EC0-301F-11D3-BF4B-00C04F79EFBC}") = "E-Mogilev_Remaster", "E-Mogilev_Remaster\E-Mogilev_Remaster.csproj", "{1FF752D1-7229-4B41-809C-0A7E23FFE5E0}"
EndProject
Global
	GlobalSection(SolutionConfigurationPlatforms) = preSolution
		Debug|Any CPU = Debug|Any CPU
		Release|Any CPU = Release|Any CPU
	EndGlobalSection
	GlobalSection(ProjectConfigurationPlatforms) = postSolution
		{1FF752D1-7229-4B41-809C-0A7E23FFE5E0}.Debug|Any CPU.ActiveCfg = Debug|Any CPU
		{1FF752D1-7229-4B41-809C-0A7E23FFE5E0}.Debug|Any CPU.Build.0 = Debug|Any CPU
		{1FF752D1-7229-4B41-809C-0A7E23FFE5E0}.Release|Any CPU.ActiveCfg = Release|Any CPU
		{1FF752D1-7229-4B41-809C-0A7E23FFE5E0}.Release|Any CPU.Build.0 = Release|Any CPU
	EndGlobalSection
	GlobalSection(SolutionProperties) = preSolution
		HideSolutionNode = FALSE
	EndGlobalSection
	GlobalSection(ExtensibilityGlobals) = postSolution
		SolutionGuid = {8D2876A0-56AC-4CE6-B48D-0D9C370C5127}
	EndGlobalSection
EndGlobal
